
Microsoft Visual Studio Solution File, Format Version 12.00
# Visual Studio Version 16
VisualStudioVersion = 16.0.31402.337
MinimumVisualStudioVersion = 10.0.40219.1
Project("{FAE04EC0-301F-11D3-BF4B-00C04F79EFBC}") = "ConsoleAppX", "ConsoleAppX\ConsoleAppX.csproj", "{7DBA218C-C148-4D6D-ADD7-9A916A32FD22}"
EndProject
Global
	GlobalSection(SolutionConfigurationPlatforms) = preSolution
		Debug|Any CPU = Debug|Any CPU
		Release|Any CPU = Release|Any CPU
	EndGlobalSection
	GlobalSection(ProjectConfigurationPlatforms) = postSolution
		{7DBA218C-C148-4D6D-ADD7-9A916A32FD22}.Debug|Any CPU.ActiveCfg = Debug|Any CPU
		{7DBA218C-C148-4D6D-ADD7-9A916A32FD22}.Debug|Any CPU.Build.0 = Debug|Any CPU
		{7DBA218C-C148-4D6D-ADD7-9A916A32FD22}.Release|Any CPU.ActiveCfg = Release|Any CPU
		{7DBA218C-C148-4D6D-ADD7-9A916A32FD22}.Release|Any CPU.Build.0 = Release|Any CPU
	EndGlobalSection
	GlobalSection(SolutionProperties) = preSolution
		HideSolutionNode = FALSE
	EndGlobalSection
	GlobalSection(ExtensibilityGlobals) = postSolution
		SolutionGuid = {310C5E82-97B0-43C8-84C9-9FFD26057319}
	EndGlobalSection
EndGlobal
